
Microsoft Visual Studio Solution File, Format Version 12.00
# Visual Studio Version 16
VisualStudioVersion = 16.0.30011.22
MinimumVisualStudioVersion = 10.0.40219.1
Project("{FAE04EC0-301F-11D3-BF4B-00C04F79EFBC}") = "DMessageDemo", "DMessageDemo\DMessageDemo.csproj", "{38836A56-D4BA-4A5D-AF6F-E01280C70FD8}"
EndProject
Global
	GlobalSection(SolutionConfigurationPlatforms) = preSolution
		Debug|Any CPU = Debug|Any CPU
		Release|Any CPU = Release|Any CPU
	EndGlobalSection
	GlobalSection(ProjectConfigurationPlatforms) = postSolution
		{38836A56-D4BA-4A5D-AF6F-E01280C70FD8}.Debug|Any CPU.ActiveCfg = Debug|Any CPU
		{38836A56-D4BA-4A5D-AF6F-E01280C70FD8}.Debug|Any CPU.Build.0 = Debug|Any CPU
		{38836A56-D4BA-4A5D-AF6F-E01280C70FD8}.Release|Any CPU.ActiveCfg = Release|Any CPU
		{38836A56-D4BA-4A5D-AF6F-E01280C70FD8}.Release|Any CPU.Build.0 = Release|Any CPU
	EndGlobalSection
	GlobalSection(SolutionProperties) = preSolution
		HideSolutionNode = FALSE
	EndGlobalSection
	GlobalSection(ExtensibilityGlobals) = postSolution
		SolutionGuid = {05CC5C0A-5EA4-46FF-84AD-60148C9318FB}
	EndGlobalSection
EndGlobal
